
Microsoft Visual Studio Solution File, Format Version 12.00
# Visual Studio Version 17
VisualStudioVersion = 17.5.33516.290
MinimumVisualStudioVersion = 10.0.40219.1
Project("{FAE04EC0-301F-11D3-BF4B-00C04F79EFBC}") = "Parameters Practice", "Parameters Practice\Parameters Practice.csproj", "{D1389DEE-6797-4B5F-878E-6B78510E778B}"
EndProject
Global
	GlobalSection(SolutionConfigurationPlatforms) = preSolution
		Debug|Any CPU = Debug|Any CPU
		Release|Any CPU = Release|Any CPU
	EndGlobalSection
	GlobalSection(ProjectConfigurationPlatforms) = postSolution
		{D1389DEE-6797-4B5F-878E-6B78510E778B}.Debug|Any CPU.ActiveCfg = Debug|Any CPU
		{D1389DEE-6797-4B5F-878E-6B78510E778B}.Debug|Any CPU.Build.0 = Debug|Any CPU
		{D1389DEE-6797-4B5F-878E-6B78510E778B}.Release|Any CPU.ActiveCfg = Release|Any CPU
		{D1389DEE-6797-4B5F-878E-6B78510E778B}.Release|Any CPU.Build.0 = Release|Any CPU
	EndGlobalSection
	GlobalSection(SolutionProperties) = preSolution
		HideSolutionNode = FALSE
	EndGlobalSection
	GlobalSection(ExtensibilityGlobals) = postSolution
		SolutionGuid = {7D8B6FE9-046F-461E-A6F2-0A3174BD3BAA}
	EndGlobalSection
EndGlobal
