
Microsoft Visual Studio Solution File, Format Version 12.00
# Visual Studio Version 17
VisualStudioVersion = 17.5.33516.290
MinimumVisualStudioVersion = 10.0.40219.1
Project("{FAE04EC0-301F-11D3-BF4B-00C04F79EFBC}") = "Array Practice", "Array Practice\Array Practice.csproj", "{99043D81-757C-4E6F-A69C-1E079F68282A}"
EndProject
Global
	GlobalSection(SolutionConfigurationPlatforms) = preSolution
		Debug|Any CPU = Debug|Any CPU
		Release|Any CPU = Release|Any CPU
	EndGlobalSection
	GlobalSection(ProjectConfigurationPlatforms) = postSolution
		{99043D81-757C-4E6F-A69C-1E079F68282A}.Debug|Any CPU.ActiveCfg = Debug|Any CPU
		{99043D81-757C-4E6F-A69C-1E079F68282A}.Debug|Any CPU.Build.0 = Debug|Any CPU
		{99043D81-757C-4E6F-A69C-1E079F68282A}.Release|Any CPU.ActiveCfg = Release|Any CPU
		{99043D81-757C-4E6F-A69C-1E079F68282A}.Release|Any CPU.Build.0 = Release|Any CPU
	EndGlobalSection
	GlobalSection(SolutionProperties) = preSolution
		HideSolutionNode = FALSE
	EndGlobalSection
	GlobalSection(ExtensibilityGlobals) = postSolution
		SolutionGuid = {2C74CD06-ECDB-453B-B047-C353DBDD3D36}
	EndGlobalSection
EndGlobal
