
Microsoft Visual Studio Solution File, Format Version 12.00
# Visual Studio Version 17
VisualStudioVersion = 17.5.33530.505
MinimumVisualStudioVersion = 10.0.40219.1
Project("{FAE04EC0-301F-11D3-BF4B-00C04F79EFBC}") = "Input Log Practice", "Input Log Practice\Input Log Practice.csproj", "{27135D17-3ADD-4E3F-BF8B-EFCA32BF7B4A}"
EndProject
Global
	GlobalSection(SolutionConfigurationPlatforms) = preSolution
		Debug|Any CPU = Debug|Any CPU
		Release|Any CPU = Release|Any CPU
	EndGlobalSection
	GlobalSection(ProjectConfigurationPlatforms) = postSolution
		{27135D17-3ADD-4E3F-BF8B-EFCA32BF7B4A}.Debug|Any CPU.ActiveCfg = Debug|Any CPU
		{27135D17-3ADD-4E3F-BF8B-EFCA32BF7B4A}.Debug|Any CPU.Build.0 = Debug|Any CPU
		{27135D17-3ADD-4E3F-BF8B-EFCA32BF7B4A}.Release|Any CPU.ActiveCfg = Release|Any CPU
		{27135D17-3ADD-4E3F-BF8B-EFCA32BF7B4A}.Release|Any CPU.Build.0 = Release|Any CPU
	EndGlobalSection
	GlobalSection(SolutionProperties) = preSolution
		HideSolutionNode = FALSE
	EndGlobalSection
	GlobalSection(ExtensibilityGlobals) = postSolution
		SolutionGuid = {FA3DB644-A5FE-4BC7-87E4-5051843AD588}
	EndGlobalSection
EndGlobal
