
Microsoft Visual Studio Solution File, Format Version 12.00
# Visual Studio Version 17
VisualStudioVersion = 17.5.33530.505
MinimumVisualStudioVersion = 10.0.40219.1
Project("{FAE04EC0-301F-11D3-BF4B-00C04F79EFBC}") = "CarInsurance2.0", "CarInsurance2.0\CarInsurance2.0.csproj", "{946C7258-ACB0-4C75-9AFB-2A9C28AABA0C}"
EndProject
Global
	GlobalSection(SolutionConfigurationPlatforms) = preSolution
		Debug|Any CPU = Debug|Any CPU
		Release|Any CPU = Release|Any CPU
	EndGlobalSection
	GlobalSection(ProjectConfigurationPlatforms) = postSolution
		{946C7258-ACB0-4C75-9AFB-2A9C28AABA0C}.Debug|Any CPU.ActiveCfg = Debug|Any CPU
		{946C7258-ACB0-4C75-9AFB-2A9C28AABA0C}.Debug|Any CPU.Build.0 = Debug|Any CPU
		{946C7258-ACB0-4C75-9AFB-2A9C28AABA0C}.Release|Any CPU.ActiveCfg = Release|Any CPU
		{946C7258-ACB0-4C75-9AFB-2A9C28AABA0C}.Release|Any CPU.Build.0 = Release|Any CPU
	EndGlobalSection
	GlobalSection(SolutionProperties) = preSolution
		HideSolutionNode = FALSE
	EndGlobalSection
	GlobalSection(ExtensibilityGlobals) = postSolution
		SolutionGuid = {B88C3760-F479-44E6-AFEB-EABE64F873DF}
	EndGlobalSection
EndGlobal
