
Microsoft Visual Studio Solution File, Format Version 12.00
# Visual Studio Version 17
VisualStudioVersion = 17.5.33516.290
MinimumVisualStudioVersion = 10.0.40219.1
Project("{FAE04EC0-301F-11D3-BF4B-00C04F79EFBC}") = "Class Method Practice", "Class Method Practice\Class Method Practice.csproj", "{4A31375B-D6C4-4B63-A899-442135074DD0}"
EndProject
Global
	GlobalSection(SolutionConfigurationPlatforms) = preSolution
		Debug|Any CPU = Debug|Any CPU
		Release|Any CPU = Release|Any CPU
	EndGlobalSection
	GlobalSection(ProjectConfigurationPlatforms) = postSolution
		{4A31375B-D6C4-4B63-A899-442135074DD0}.Debug|Any CPU.ActiveCfg = Debug|Any CPU
		{4A31375B-D6C4-4B63-A899-442135074DD0}.Debug|Any CPU.Build.0 = Debug|Any CPU
		{4A31375B-D6C4-4B63-A899-442135074DD0}.Release|Any CPU.ActiveCfg = Release|Any CPU
		{4A31375B-D6C4-4B63-A899-442135074DD0}.Release|Any CPU.Build.0 = Release|Any CPU
	EndGlobalSection
	GlobalSection(SolutionProperties) = preSolution
		HideSolutionNode = FALSE
	EndGlobalSection
	GlobalSection(ExtensibilityGlobals) = postSolution
		SolutionGuid = {B371F843-0029-4C3F-8A7F-C2A8AE60ACA3}
	EndGlobalSection
EndGlobal
