
Microsoft Visual Studio Solution File, Format Version 12.00
# Visual Studio Version 17
VisualStudioVersion = 17.5.33516.290
MinimumVisualStudioVersion = 10.0.40219.1
Project("{FAE04EC0-301F-11D3-BF4B-00C04F79EFBC}") = "Calling Methods 2", "Calling Methods 2\Calling Methods 2.csproj", "{532DE7C4-8833-4790-94AD-83D1A5AD3D30}"
EndProject
Global
	GlobalSection(SolutionConfigurationPlatforms) = preSolution
		Debug|Any CPU = Debug|Any CPU
		Release|Any CPU = Release|Any CPU
	EndGlobalSection
	GlobalSection(ProjectConfigurationPlatforms) = postSolution
		{532DE7C4-8833-4790-94AD-83D1A5AD3D30}.Debug|Any CPU.ActiveCfg = Debug|Any CPU
		{532DE7C4-8833-4790-94AD-83D1A5AD3D30}.Debug|Any CPU.Build.0 = Debug|Any CPU
		{532DE7C4-8833-4790-94AD-83D1A5AD3D30}.Release|Any CPU.ActiveCfg = Release|Any CPU
		{532DE7C4-8833-4790-94AD-83D1A5AD3D30}.Release|Any CPU.Build.0 = Release|Any CPU
	EndGlobalSection
	GlobalSection(SolutionProperties) = preSolution
		HideSolutionNode = FALSE
	EndGlobalSection
	GlobalSection(ExtensibilityGlobals) = postSolution
		SolutionGuid = {9D2E6F9B-55C2-4F51-BECF-7963D8BD80F8}
	EndGlobalSection
EndGlobal
