
Microsoft Visual Studio Solution File, Format Version 12.00
# Visual Studio Version 17
VisualStudioVersion = 17.5.33516.290
MinimumVisualStudioVersion = 10.0.40219.1
Project("{FAE04EC0-301F-11D3-BF4B-00C04F79EFBC}") = "Overloading Operators", "Overloading Operators\Overloading Operators.csproj", "{B9FA18B6-28CA-43A6-85E0-3BB9152B4E54}"
EndProject
Global
	GlobalSection(SolutionConfigurationPlatforms) = preSolution
		Debug|Any CPU = Debug|Any CPU
		Release|Any CPU = Release|Any CPU
	EndGlobalSection
	GlobalSection(ProjectConfigurationPlatforms) = postSolution
		{B9FA18B6-28CA-43A6-85E0-3BB9152B4E54}.Debug|Any CPU.ActiveCfg = Debug|Any CPU
		{B9FA18B6-28CA-43A6-85E0-3BB9152B4E54}.Debug|Any CPU.Build.0 = Debug|Any CPU
		{B9FA18B6-28CA-43A6-85E0-3BB9152B4E54}.Release|Any CPU.ActiveCfg = Release|Any CPU
		{B9FA18B6-28CA-43A6-85E0-3BB9152B4E54}.Release|Any CPU.Build.0 = Release|Any CPU
	EndGlobalSection
	GlobalSection(SolutionProperties) = preSolution
		HideSolutionNode = FALSE
	EndGlobalSection
	GlobalSection(ExtensibilityGlobals) = postSolution
		SolutionGuid = {8B2F2CA0-76FA-4D3B-B907-082DCF09C1D8}
	EndGlobalSection
EndGlobal
